
Microsoft Visual Studio Solution File, Format Version 12.00
# Visual Studio Version 17
VisualStudioVersion = 17.5.002.0
MinimumVisualStudioVersion = 10.0.40219.1
Project("{9A19103F-16F7-4668-BE54-9A1E7A4F7556}") = "Try1", "Try1.csproj", "{E46279E3-35AD-4427-9D3D-C58FE22812BE}"
EndProject
Global
	GlobalSection(SolutionConfigurationPlatforms) = preSolution
		Debug|Any CPU = Debug|Any CPU
		Release|Any CPU = Release|Any CPU
	EndGlobalSection
	GlobalSection(ProjectConfigurationPlatforms) = postSolution
		{E46279E3-35AD-4427-9D3D-C58FE22812BE}.Debug|Any CPU.ActiveCfg = Debug|Any CPU
		{E46279E3-35AD-4427-9D3D-C58FE22812BE}.Debug|Any CPU.Build.0 = Debug|Any CPU
		{E46279E3-35AD-4427-9D3D-C58FE22812BE}.Release|Any CPU.ActiveCfg = Release|Any CPU
		{E46279E3-35AD-4427-9D3D-C58FE22812BE}.Release|Any CPU.Build.0 = Release|Any CPU
	EndGlobalSection
	GlobalSection(SolutionProperties) = preSolution
		HideSolutionNode = FALSE
	EndGlobalSection
	GlobalSection(ExtensibilityGlobals) = postSolution
		SolutionGuid = {03336348-6337-4BBD-8FF9-E3323948854F}
	EndGlobalSection
EndGlobal
